<?xml version="1.0" encoding="utf-8"?>
<Project ToolsVersion="4.0" xmlns="http://schemas.microsoft.com/developer/msbuild/2003">
  <ItemGroup>
    <Filter Include="Source Files">
      <UniqueIdentifier>{4FC737F1-C7A5-4376-A066-2A32D752A2FF}</UniqueIdentifier>
      <Extensions>cpp;c;cc;cxx;def;odl;idl;hpj;bat;asm;asmx</Extensions>
    </Filter>
    <Filter Include="Header Files">
      <UniqueIdentifier>{93995380-89BD-4b04-88EB-625FBE52EBFB}</UniqueIdentifier>
      <Extensions>h;hh;hpp;hxx;hm;inl;inc;xsd</Extensions>
    </Filter>
    <Filter Include="Resource Files">
      <UniqueIdentifier>{67DA6AB6-F800-4c08-8B7A-83BB121AAD01}</UniqueIdentifier>
      <Extensions>rc;ico;cur;bmp;dlg;rc2;rct;bin;rgs;gif;jpg;jpeg;jpe;resx;tiff;tif;png;wav</Extensions>
    </Filter>
  </ItemGroup>
  <ItemGroup>
    <ClCompile Include="engine\launcher\main.cpp">
      <Filter>Source Files</Filter>
    </ClCompile>
    <ClCompile Include="engine\net\private\SocketSFML.cpp">
      <Filter>Source Files</Filter>
    </ClCompile>
    <ClCompile Include="engine\scripting\compiler\private\cmp.cpp">
      <Filter>Source Files</Filter>
    </ClCompile>
    <ClCompile Include="engine\scripting\vm\private\vm.cpp">
      <Filter>Source Files</Filter>
    </ClCompile>
  </ItemGroup>
  <ItemGroup>
    <ClInclude Include="editor\EditorSystem.h">
      <Filter>Header Files</Filter>
    </ClInclude>
    <ClInclude Include="engine\IModule.h">
      <Filter>Header Files</Filter>
    </ClInclude>
    <ClInclude Include="engine\IModuleThread.h">
      <Filter>Header Files</Filter>
    </ClInclude>
    <ClInclude Include="engine\ISysThread.h">
      <Filter>Header Files</Filter>
    </ClInclude>
    <ClInclude Include="engine\assert\Assert.h">
      <Filter>Header Files</Filter>
    </ClInclude>
    <ClInclude Include="engine\assert\Macros.h">
      <Filter>Header Files</Filter>
    </ClInclude>
    <ClInclude Include="engine\audio\AudioThread.h">
      <Filter>Header Files</Filter>
    </ClInclude>
    <ClInclude Include="engine\audio\IAudioCore.h">
      <Filter>Header Files</Filter>
    </ClInclude>
    <ClInclude Include="engine\io\IoThread.h">
      <Filter>Header Files</Filter>
    </ClInclude>
    <ClInclude Include="engine\log\LogThread.h">
      <Filter>Header Files</Filter>
    </ClInclude>
    <ClInclude Include="engine\memory\Allocator.h">
      <Filter>Header Files</Filter>
    </ClInclude>
    <ClInclude Include="engine\net\ISocket.h">
      <Filter>Header Files</Filter>
    </ClInclude>
    <ClInclude Include="engine\net\NetThread.h">
      <Filter>Header Files</Filter>
    </ClInclude>
    <ClInclude Include="engine\net\SocketSFML.h">
      <Filter>Header Files</Filter>
    </ClInclude>
    <ClInclude Include="engine\profiling\tracers\Macros.h">
      <Filter>Header Files</Filter>
    </ClInclude>
    <ClInclude Include="engine\profiling\tracers\Tracer.h">
      <Filter>Header Files</Filter>
    </ClInclude>
    <ClInclude Include="engine\rhi\IRHI.h">
      <Filter>Header Files</Filter>
    </ClInclude>
    <ClInclude Include="engine\scripting\bytecode\byteCode.h">
      <Filter>Header Files</Filter>
    </ClInclude>
    <ClInclude Include="engine\scripting\compiler\cmp.h">
      <Filter>Header Files</Filter>
    </ClInclude>
    <ClInclude Include="engine\scripting\compiler\ICompiler.h">
      <Filter>Header Files</Filter>
    </ClInclude>
    <ClInclude Include="engine\scripting\vm\IVirtMachine.h">
      <Filter>Header Files</Filter>
    </ClInclude>
    <ClInclude Include="engine\scripting\vm\vm.h">
      <Filter>Header Files</Filter>
    </ClInclude>
    <ClInclude Include="engine\system\ISystem.h">
      <Filter>Header Files</Filter>
    </ClInclude>
    <ClInclude Include="engine\system\System.h">
      <Filter>Header Files</Filter>
    </ClInclude>
    <ClInclude Include="engine\types\Char.h">
      <Filter>Header Files</Filter>
    </ClInclude>
    <ClInclude Include="engine\types\String.h">
      <Filter>Header Files</Filter>
    </ClInclude>
    <ClInclude Include="engine\types\SysComponent.h">
      <Filter>Header Files</Filter>
    </ClInclude>
    <ClInclude Include="engine\types\SysObject.h">
      <Filter>Header Files</Filter>
    </ClInclude>
    <ClInclude Include="engine\types\SysSystem.h">
      <Filter>Header Files</Filter>
    </ClInclude>
    <ClInclude Include="engine\types\containers\array.h">
      <Filter>Header Files</Filter>
    </ClInclude>
    <ClInclude Include="engine\types\containers\dict.h">
      <Filter>Header Files</Filter>
    </ClInclude>
    <ClInclude Include="engine\types\containers\list.h">
      <Filter>Header Files</Filter>
    </ClInclude>
    <ClInclude Include="engine\types\vectors\vec.h">
      <Filter>Header Files</Filter>
    </ClInclude>
    <ClInclude Include="engine\types\vectors\vec2.h">
      <Filter>Header Files</Filter>
    </ClInclude>
    <ClInclude Include="engine\types\vectors\vec3.h">
      <Filter>Header Files</Filter>
    </ClInclude>
    <ClInclude Include="engine\types\vectors\vec4.h">
      <Filter>Header Files</Filter>
    </ClInclude>
    <ClInclude Include="runtime\RuntimeSystem.h">
      <Filter>Header Files</Filter>
    </ClInclude>
    <ClInclude Include="runtime\interfaces\IStreamService.h">
      <Filter>Header Files</Filter>
    </ClInclude>
  </ItemGroup>
</Project>