<?xml version="1.0" encoding="utf-8"?>
<Project ToolsVersion="4.0" xmlns="http://schemas.microsoft.com/developer/msbuild/2003">
  <ItemGroup>
    <Filter Include="Source Files">
      <UniqueIdentifier>{4FC737F1-C7A5-4376-A066-2A32D752A2FF}</UniqueIdentifier>
      <Extensions>cpp;c;cc;cxx;def;odl;idl;hpj;bat;asm;asmx</Extensions>
    </Filter>
    <Filter Include="Header Files">
      <UniqueIdentifier>{93995380-89BD-4b04-88EB-625FBE52EBFB}</UniqueIdentifier>
      <Extensions>h;hh;hpp;hxx;hm;inl;inc;xsd</Extensions>
    </Filter>
    <Filter Include="Resource Files">
      <UniqueIdentifier>{67DA6AB6-F800-4c08-8B7A-83BB121AAD01}</UniqueIdentifier>
      <Extensions>rc;ico;cur;bmp;dlg;rc2;rct;bin;rgs;gif;jpg;jpeg;jpe;resx;tiff;tif;png;wav</Extensions>
    </Filter>
  </ItemGroup>
  <ItemGroup>
    <ClCompile Include="code\private\DaApiThread.cpp">
      <Filter>Source Files</Filter>
    </ClCompile>
    <ClCompile Include="code\private\GraphicThread.cpp">
      <Filter>Source Files</Filter>
    </ClCompile>
    <ClCompile Include="code\private\main.cpp">
      <Filter>Source Files</Filter>
    </ClCompile>
    <ClCompile Include="code\private\RtAudioThread.cpp">
      <Filter>Source Files</Filter>
    </ClCompile>
    <ClCompile Include="code\private\abstract\ASocketManager.cpp">
      <Filter>Source Files</Filter>
    </ClCompile>
    <ClCompile Include="code\private\abstract\AWebSocketManager.cpp">
      <Filter>Source Files</Filter>
    </ClCompile>
    <ClCompile Include="code\private\audioapi\AudioApiManager.cpp">
      <Filter>Source Files</Filter>
    </ClCompile>
    <ClCompile Include="code\private\audioapi\RTAudioApi.cpp">
      <Filter>Source Files</Filter>
    </ClCompile>
    <ClCompile Include="code\private\events\EventManager.cpp">
      <Filter>Source Files</Filter>
    </ClCompile>
    <ClCompile Include="code\private\events\cameraevents\BaseCameraEvent.cpp">
      <Filter>Source Files</Filter>
    </ClCompile>
    <ClCompile Include="code\private\events\events\BaseEvent.cpp">
      <Filter>Source Files</Filter>
    </ClCompile>
    <ClCompile Include="code\private\events\events\BitsEvent.cpp">
      <Filter>Source Files</Filter>
    </ClCompile>
    <ClCompile Include="code\private\events\events\DonationEvent.cpp">
      <Filter>Source Files</Filter>
    </ClCompile>
    <ClCompile Include="code\private\events\events\IdleEvent.cpp">
      <Filter>Source Files</Filter>
    </ClCompile>
    <ClCompile Include="code\private\events\events\IEvent.cpp">
      <Filter>Source Files</Filter>
    </ClCompile>
    <ClCompile Include="code\private\events\events\SubscribeEvent.cpp">
      <Filter>Source Files</Filter>
    </ClCompile>
    <ClCompile Include="code\private\graphics\BaseFrame.cpp">
      <Filter>Source Files</Filter>
    </ClCompile>
    <ClCompile Include="code\private\graphics\BodyFrame.cpp">
      <Filter>Source Files</Filter>
    </ClCompile>
    <ClCompile Include="code\private\graphics\BodyFrameFactory.cpp">
      <Filter>Source Files</Filter>
    </ClCompile>
    <ClCompile Include="code\private\graphics\BodyFrames.cpp">
      <Filter>Source Files</Filter>
    </ClCompile>
    <ClCompile Include="code\private\graphics\CharacterFrame.cpp">
      <Filter>Source Files</Filter>
    </ClCompile>
    <ClCompile Include="code\private\graphics\CharacterFrames.cpp">
      <Filter>Source Files</Filter>
    </ClCompile>
    <ClCompile Include="code\private\graphics\EnumFrames.cpp">
      <Filter>Source Files</Filter>
    </ClCompile>
    <ClCompile Include="code\private\graphics\FrameFactory.cpp">
      <Filter>Source Files</Filter>
    </ClCompile>
    <ClCompile Include="code\private\graphics\MouthFrame.cpp">
      <Filter>Source Files</Filter>
    </ClCompile>
    <ClCompile Include="code\private\graphics\MouthFrameFactory.cpp">
      <Filter>Source Files</Filter>
    </ClCompile>
    <ClCompile Include="code\private\graphics\MouthFrames.cpp">
      <Filter>Source Files</Filter>
    </ClCompile>
    <ClCompile Include="code\private\graphics\animation\Animation.cpp">
      <Filter>Source Files</Filter>
    </ClCompile>
    <ClCompile Include="code\private\graphics\base\Element.cpp">
      <Filter>Source Files</Filter>
    </ClCompile>
    <ClCompile Include="code\private\graphics\base\GraphicalElement.cpp">
      <Filter>Source Files</Filter>
    </ClCompile>
    <ClCompile Include="code\private\graphics\base\IAnchor.cpp">
      <Filter>Source Files</Filter>
    </ClCompile>
    <ClCompile Include="code\private\graphics\base\TextElement.cpp">
      <Filter>Source Files</Filter>
    </ClCompile>
    <ClCompile Include="code\private\graphics\base\Timer.cpp">
      <Filter>Source Files</Filter>
    </ClCompile>
    <ClCompile Include="code\private\graphics\base\ViewElement.cpp">
      <Filter>Source Files</Filter>
    </ClCompile>
    <ClCompile Include="code\private\graphics\base\utils\EAnimations.cpp">
      <Filter>Source Files</Filter>
    </ClCompile>
    <ClCompile Include="code\private\graphics\base\utils\Snap.cpp">
      <Filter>Source Files</Filter>
    </ClCompile>
    <ClCompile Include="code\private\graphics\base\utils\factory\AnimationFactory.cpp">
      <Filter>Source Files</Filter>
    </ClCompile>
    <ClCompile Include="code\private\graphics\base\utils\factory\BodyTimeFactory.cpp">
      <Filter>Source Files</Filter>
    </ClCompile>
    <ClCompile Include="code\private\graphics\base\utils\factory\MouthInputFactory.cpp">
      <Filter>Source Files</Filter>
    </ClCompile>
    <ClCompile Include="code\private\graphics\elements\camera\Camera.cpp">
      <Filter>Source Files</Filter>
    </ClCompile>
    <ClCompile Include="code\private\graphics\elements\camera\animation\CameraAnimation.cpp">
      <Filter>Source Files</Filter>
    </ClCompile>
    <ClCompile Include="code\private\graphics\elements\camera\background\Background.cpp">
      <Filter>Source Files</Filter>
    </ClCompile>
    <ClCompile Include="code\private\graphics\elements\camera\background\graphic\BackgroundGraph.cpp">
      <Filter>Source Files</Filter>
    </ClCompile>
    <ClCompile Include="code\private\graphics\elements\camera\cameratext\CameraText.cpp">
      <Filter>Source Files</Filter>
    </ClCompile>
    <ClCompile Include="code\private\graphics\elements\camera\character\Character.cpp">
      <Filter>Source Files</Filter>
    </ClCompile>
    <ClCompile Include="code\private\graphics\elements\camera\character\animation\CharacterAnimation.cpp">
      <Filter>Source Files</Filter>
    </ClCompile>
    <ClCompile Include="code\private\graphics\elements\camera\character\graphic\body\Body.cpp">
      <Filter>Source Files</Filter>
    </ClCompile>
    <ClCompile Include="code\private\graphics\elements\camera\character\graphic\body\animation\BodyAnimations.cpp">
      <Filter>Source Files</Filter>
    </ClCompile>
    <ClCompile Include="code\private\graphics\elements\camera\character\graphic\body\animation\BodyTimeAnimation.cpp">
      <Filter>Source Files</Filter>
    </ClCompile>
    <ClCompile Include="code\private\graphics\elements\camera\character\graphic\body\animation\base\BodyAnimation.cpp">
      <Filter>Source Files</Filter>
    </ClCompile>
    <ClCompile Include="code\private\graphics\elements\camera\character\graphic\brow\Brow.cpp">
      <Filter>Source Files</Filter>
    </ClCompile>
    <ClCompile Include="code\private\graphics\elements\camera\character\graphic\eyes\Eyes.cpp">
      <Filter>Source Files</Filter>
    </ClCompile>
    <ClCompile Include="code\private\graphics\elements\camera\character\graphic\mouth\Mouth.cpp">
      <Filter>Source Files</Filter>
    </ClCompile>
    <ClCompile Include="code\private\graphics\elements\camera\character\graphic\mouth\animation\MouthAnimations.cpp">
      <Filter>Source Files</Filter>
    </ClCompile>
    <ClCompile Include="code\private\graphics\elements\camera\character\graphic\mouth\animation\MouthInputAnimation.cpp">
      <Filter>Source Files</Filter>
    </ClCompile>
    <ClCompile Include="code\private\graphics\elements\camera\character\graphic\mouth\animation\MouthTimeAnimation.cpp">
      <Filter>Source Files</Filter>
    </ClCompile>
    <ClCompile Include="code\private\graphics\elements\camera\character\graphic\mouth\animation\base\MouthAimation.cpp">
      <Filter>Source Files</Filter>
    </ClCompile>
    <ClCompile Include="code\private\graphics\elements\camera\character\graphic\mouth\animation\base\MouthAnimation.cpp">
      <Filter>Source Files</Filter>
    </ClCompile>
    <ClCompile Include="code\private\graphics\elements\camera\character\graphic\nose\Nose.cpp">
      <Filter>Source Files</Filter>
    </ClCompile>
    <ClCompile Include="code\private\graphics\elements\camera\foreground\Foreground.cpp">
      <Filter>Source Files</Filter>
    </ClCompile>
    <ClCompile Include="code\private\graphics\elements\camera\foreground\graphic\Grid.cpp">
      <Filter>Source Files</Filter>
    </ClCompile>
    <ClCompile Include="code\private\graphics\managers\AnimationManager.cpp">
      <Filter>Source Files</Filter>
    </ClCompile>
    <ClCompile Include="code\private\graphics\managers\GraphManager.cpp">
      <Filter>Source Files</Filter>
    </ClCompile>
    <ClCompile Include="code\private\managers\CallManager.cpp">
      <Filter>Source Files</Filter>
    </ClCompile>
    <ClCompile Include="code\private\subprograms\AudioSubProgram.cpp">
      <Filter>Source Files</Filter>
    </ClCompile>
    <ClCompile Include="code\private\subprograms\DonationSubProgram.cpp">
      <Filter>Source Files</Filter>
    </ClCompile>
    <ClCompile Include="code\private\subprograms\GraphicSubProgram.cpp">
      <Filter>Source Files</Filter>
    </ClCompile>
    <ClCompile Include="code\private\subprograms\TwitchIRCSubProgram.cpp">
      <Filter>Source Files</Filter>
    </ClCompile>
    <ClCompile Include="code\private\subprograms\manager\SubProgramManager.cpp">
      <Filter>Source Files</Filter>
    </ClCompile>
    <ClCompile Include="code\private\system\objects\Object.cpp">
      <Filter>Source Files</Filter>
    </ClCompile>
    <ClCompile Include="code\private\system\objects\customobjects\CObject.cpp">
      <Filter>Source Files</Filter>
    </ClCompile>
    <ClCompile Include="code\private\system\objects\systemobjects\SComponent.cpp">
      <Filter>Source Files</Filter>
    </ClCompile>
    <ClCompile Include="code\private\system\objects\systemobjects\SObject.cpp">
      <Filter>Source Files</Filter>
    </ClCompile>
    <ClCompile Include="code\private\utils\ByteConverters.cpp">
      <Filter>Source Files</Filter>
    </ClCompile>
    <ClCompile Include="code\private\utils\Configuration.cpp">
      <Filter>Source Files</Filter>
    </ClCompile>
    <ClCompile Include="code\private\utils\Initialisers.cpp">
      <Filter>Source Files</Filter>
    </ClCompile>
  </ItemGroup>
  <ItemGroup>
    <ClInclude Include="code\public\DaApiThread.h">
      <Filter>Header Files</Filter>
    </ClInclude>
    <ClInclude Include="code\public\GraphicThread.h">
      <Filter>Header Files</Filter>
    </ClInclude>
    <ClInclude Include="code\public\RtAudioThread.h">
      <Filter>Header Files</Filter>
    </ClInclude>
    <ClInclude Include="code\public\abstract\ASocketManager.h">
      <Filter>Header Files</Filter>
    </ClInclude>
    <ClInclude Include="code\public\abstract\AWebSocketManager.h">
      <Filter>Header Files</Filter>
    </ClInclude>
    <ClInclude Include="code\public\audioapi\AudioApiManager.h">
      <Filter>Header Files</Filter>
    </ClInclude>
    <ClInclude Include="code\public\audioapi\RTAudioApi.h">
      <Filter>Header Files</Filter>
    </ClInclude>
    <ClInclude Include="code\public\events\EventManager.h">
      <Filter>Header Files</Filter>
    </ClInclude>
    <ClInclude Include="code\public\events\cameraevents\BaseCameraEvent.h">
      <Filter>Header Files</Filter>
    </ClInclude>
    <ClInclude Include="code\public\events\cameraevents\interface\ICameraEvent.h">
      <Filter>Header Files</Filter>
    </ClInclude>
    <ClInclude Include="code\public\events\events\BaseEvent.h">
      <Filter>Header Files</Filter>
    </ClInclude>
    <ClInclude Include="code\public\events\events\BitsEvent.h">
      <Filter>Header Files</Filter>
    </ClInclude>
    <ClInclude Include="code\public\events\events\DonationEvent.h">
      <Filter>Header Files</Filter>
    </ClInclude>
    <ClInclude Include="code\public\events\events\Events.h">
      <Filter>Header Files</Filter>
    </ClInclude>
    <ClInclude Include="code\public\events\events\IdleEvent.h">
      <Filter>Header Files</Filter>
    </ClInclude>
    <ClInclude Include="code\public\events\events\IEvent.h">
      <Filter>Header Files</Filter>
    </ClInclude>
    <ClInclude Include="code\public\events\events\SubscribeEvent.h">
      <Filter>Header Files</Filter>
    </ClInclude>
    <ClInclude Include="code\public\graphics\BaseFrame.h">
      <Filter>Header Files</Filter>
    </ClInclude>
    <ClInclude Include="code\public\graphics\BodyFrame.h">
      <Filter>Header Files</Filter>
    </ClInclude>
    <ClInclude Include="code\public\graphics\BodyFrameFactory.h">
      <Filter>Header Files</Filter>
    </ClInclude>
    <ClInclude Include="code\public\graphics\BodyFrames.h">
      <Filter>Header Files</Filter>
    </ClInclude>
    <ClInclude Include="code\public\graphics\CharacterFrame.h">
      <Filter>Header Files</Filter>
    </ClInclude>
    <ClInclude Include="code\public\graphics\CharacterFrames.h">
      <Filter>Header Files</Filter>
    </ClInclude>
    <ClInclude Include="code\public\graphics\EnumFrames.h">
      <Filter>Header Files</Filter>
    </ClInclude>
    <ClInclude Include="code\public\graphics\FrameFactory.h">
      <Filter>Header Files</Filter>
    </ClInclude>
    <ClInclude Include="code\public\graphics\MouthFrame.h">
      <Filter>Header Files</Filter>
    </ClInclude>
    <ClInclude Include="code\public\graphics\MouthFrameFactory.h">
      <Filter>Header Files</Filter>
    </ClInclude>
    <ClInclude Include="code\public\graphics\MouthFrames.h">
      <Filter>Header Files</Filter>
    </ClInclude>
    <ClInclude Include="code\public\graphics\animation\Animation.h">
      <Filter>Header Files</Filter>
    </ClInclude>
    <ClInclude Include="code\public\graphics\base\Element.h">
      <Filter>Header Files</Filter>
    </ClInclude>
    <ClInclude Include="code\public\graphics\base\GraphicalElement.h">
      <Filter>Header Files</Filter>
    </ClInclude>
    <ClInclude Include="code\public\graphics\base\IAnchor.h">
      <Filter>Header Files</Filter>
    </ClInclude>
    <ClInclude Include="code\public\graphics\base\TextElement.h">
      <Filter>Header Files</Filter>
    </ClInclude>
    <ClInclude Include="code\public\graphics\base\Timer.h">
      <Filter>Header Files</Filter>
    </ClInclude>
    <ClInclude Include="code\public\graphics\base\ViewElement.h">
      <Filter>Header Files</Filter>
    </ClInclude>
    <ClInclude Include="code\public\graphics\base\utils\EAnimations.h">
      <Filter>Header Files</Filter>
    </ClInclude>
    <ClInclude Include="code\public\graphics\base\utils\Snap.h">
      <Filter>Header Files</Filter>
    </ClInclude>
    <ClInclude Include="code\public\graphics\base\utils\factory\AnimationFactory.h">
      <Filter>Header Files</Filter>
    </ClInclude>
    <ClInclude Include="code\public\graphics\base\utils\factory\BodyTimeFactory.h">
      <Filter>Header Files</Filter>
    </ClInclude>
    <ClInclude Include="code\public\graphics\base\utils\factory\MouthInputFactory.h">
      <Filter>Header Files</Filter>
    </ClInclude>
    <ClInclude Include="code\public\graphics\elements\camera\Camera.h">
      <Filter>Header Files</Filter>
    </ClInclude>
    <ClInclude Include="code\public\graphics\elements\camera\animation\CameraAnimation.h">
      <Filter>Header Files</Filter>
    </ClInclude>
    <ClInclude Include="code\public\graphics\elements\camera\background\Background.h">
      <Filter>Header Files</Filter>
    </ClInclude>
    <ClInclude Include="code\public\graphics\elements\camera\background\graphic\BackgroundGraph.h">
      <Filter>Header Files</Filter>
    </ClInclude>
    <ClInclude Include="code\public\graphics\elements\camera\cameratext\CameraText.h">
      <Filter>Header Files</Filter>
    </ClInclude>
    <ClInclude Include="code\public\graphics\elements\camera\character\Character.h">
      <Filter>Header Files</Filter>
    </ClInclude>
    <ClInclude Include="code\public\graphics\elements\camera\character\animation\CharacterAnimation.h">
      <Filter>Header Files</Filter>
    </ClInclude>
    <ClInclude Include="code\public\graphics\elements\camera\character\graphic\CharacterElement.h">
      <Filter>Header Files</Filter>
    </ClInclude>
    <ClInclude Include="code\public\graphics\elements\camera\character\graphic\body\Body.h">
      <Filter>Header Files</Filter>
    </ClInclude>
    <ClInclude Include="code\public\graphics\elements\camera\character\graphic\body\animation\BodyAnimations.h">
      <Filter>Header Files</Filter>
    </ClInclude>
    <ClInclude Include="code\public\graphics\elements\camera\character\graphic\body\animation\BodyTimeAnimation.h">
      <Filter>Header Files</Filter>
    </ClInclude>
    <ClInclude Include="code\public\graphics\elements\camera\character\graphic\body\animation\base\BodyAnimation.h">
      <Filter>Header Files</Filter>
    </ClInclude>
    <ClInclude Include="code\public\graphics\elements\camera\character\graphic\brow\Brow.h">
      <Filter>Header Files</Filter>
    </ClInclude>
    <ClInclude Include="code\public\graphics\elements\camera\character\graphic\eyes\Eyes.h">
      <Filter>Header Files</Filter>
    </ClInclude>
    <ClInclude Include="code\public\graphics\elements\camera\character\graphic\mouth\Mouth.h">
      <Filter>Header Files</Filter>
    </ClInclude>
    <ClInclude Include="code\public\graphics\elements\camera\character\graphic\mouth\animation\MouthAnimations.h">
      <Filter>Header Files</Filter>
    </ClInclude>
    <ClInclude Include="code\public\graphics\elements\camera\character\graphic\mouth\animation\MouthInputAnimation.h">
      <Filter>Header Files</Filter>
    </ClInclude>
    <ClInclude Include="code\public\graphics\elements\camera\character\graphic\mouth\animation\MouthTimeAnimation.h">
      <Filter>Header Files</Filter>
    </ClInclude>
    <ClInclude Include="code\public\graphics\elements\camera\character\graphic\mouth\animation\base\MouthAnimation.h">
      <Filter>Header Files</Filter>
    </ClInclude>
    <ClInclude Include="code\public\graphics\elements\camera\character\graphic\nose\Nose.h">
      <Filter>Header Files</Filter>
    </ClInclude>
    <ClInclude Include="code\public\graphics\elements\camera\foreground\Foreground.h">
      <Filter>Header Files</Filter>
    </ClInclude>
    <ClInclude Include="code\public\graphics\elements\camera\foreground\graphic\Grid.h">
      <Filter>Header Files</Filter>
    </ClInclude>
    <ClInclude Include="code\public\graphics\managers\AnimationManager.h">
      <Filter>Header Files</Filter>
    </ClInclude>
    <ClInclude Include="code\public\graphics\managers\GraphManager.h">
      <Filter>Header Files</Filter>
    </ClInclude>
    <ClInclude Include="code\public\interfaces\IInitialiser.h">
      <Filter>Header Files</Filter>
    </ClInclude>
    <ClInclude Include="code\public\interfaces\IParser.h">
      <Filter>Header Files</Filter>
    </ClInclude>
    <ClInclude Include="code\public\interfaces\ISubProgram.h">
      <Filter>Header Files</Filter>
    </ClInclude>
    <ClInclude Include="code\public\managers\CallManager.h">
      <Filter>Header Files</Filter>
    </ClInclude>
    <ClInclude Include="code\public\subprograms\AudioSubProgram.h">
      <Filter>Header Files</Filter>
    </ClInclude>
    <ClInclude Include="code\public\subprograms\DonationSubProgram.h">
      <Filter>Header Files</Filter>
    </ClInclude>
    <ClInclude Include="code\public\subprograms\GraphicSubProgram.h">
      <Filter>Header Files</Filter>
    </ClInclude>
    <ClInclude Include="code\public\subprograms\TwitchIRCSubProgram.h">
      <Filter>Header Files</Filter>
    </ClInclude>
    <ClInclude Include="code\public\subprograms\manager\SubProgramManager.h">
      <Filter>Header Files</Filter>
    </ClInclude>
    <ClInclude Include="code\public\system\objects\Object.h">
      <Filter>Header Files</Filter>
    </ClInclude>
    <ClInclude Include="code\public\system\objects\customobjects\CObject.h">
      <Filter>Header Files</Filter>
    </ClInclude>
    <ClInclude Include="code\public\system\objects\systemobjects\SComponent.h">
      <Filter>Header Files</Filter>
    </ClInclude>
    <ClInclude Include="code\public\system\objects\systemobjects\SObject.h">
      <Filter>Header Files</Filter>
    </ClInclude>
    <ClInclude Include="code\public\utils\ByteConverters.h">
      <Filter>Header Files</Filter>
    </ClInclude>
    <ClInclude Include="code\public\utils\Configuration.h">
      <Filter>Header Files</Filter>
    </ClInclude>
    <ClInclude Include="code\public\utils\Initialisers.h">
      <Filter>Header Files</Filter>
    </ClInclude>
  </ItemGroup>
</Project>