<?xml version="1.0" encoding="utf-8"?>
<Project ToolsVersion="4.0" xmlns="http://schemas.microsoft.com/developer/msbuild/2003">
  <ItemGroup>
    <Filter Include="Source Files">
      <UniqueIdentifier>{4FC737F1-C7A5-4376-A066-2A32D752A2FF}</UniqueIdentifier>
      <Extensions>cpp;c;cc;cxx;def;odl;idl;hpj;bat;asm;asmx</Extensions>
    </Filter>
    <Filter Include="Header Files">
      <UniqueIdentifier>{93995380-89BD-4b04-88EB-625FBE52EBFB}</UniqueIdentifier>
      <Extensions>h;hh;hpp;hxx;hm;inl;inc;xsd</Extensions>
    </Filter>
    <Filter Include="Resource Files">
      <UniqueIdentifier>{67DA6AB6-F800-4c08-8B7A-83BB121AAD01}</UniqueIdentifier>
      <Extensions>rc;ico;cur;bmp;dlg;rc2;rct;bin;rgs;gif;jpg;jpeg;jpe;resx;tiff;tif;png;wav</Extensions>
    </Filter>
  </ItemGroup>
  <ItemGroup>
    <ClCompile Include="src\DonateAlertsApi.cpp">
      <Filter>Source Files</Filter>
    </ClCompile>
    <ClCompile Include="src\DonateData.cpp">
      <Filter>Source Files</Filter>
    </ClCompile>
    <ClCompile Include="src\DonationParser.cpp">
      <Filter>Source Files</Filter>
    </ClCompile>
    <ClCompile Include="src\DonationSocketManager.cpp">
      <Filter>Source Files</Filter>
    </ClCompile>
    <ClCompile Include="src\IDonation.cpp">
      <Filter>Source Files</Filter>
    </ClCompile>
    <ClCompile Include="src\centrifugomessage\CentrifugoMessages.cpp">
      <Filter>Source Files</Filter>
    </ClCompile>
    <ClCompile Include="src\inmessages\http\HTTPMessages.cpp">
      <Filter>Source Files</Filter>
    </ClCompile>
    <ClCompile Include="src\inmessages\interface\IProcessMessage.cpp">
      <Filter>Source Files</Filter>
    </ClCompile>
    <ClCompile Include="src\inmessages\interface\IWebSocketMessage.cpp">
      <Filter>Source Files</Filter>
    </ClCompile>
    <ClCompile Include="src\inmessages\utils\UtilsMessage.cpp">
      <Filter>Source Files</Filter>
    </ClCompile>
    <ClCompile Include="src\inmessages\websocket\WebSocketMessages.cpp">
      <Filter>Source Files</Filter>
    </ClCompile>
    <ClCompile Include="src\managers\UContructor.cpp">
      <Filter>Source Files</Filter>
    </ClCompile>
    <ClCompile Include="src\managers\UParseManager.cpp">
      <Filter>Source Files</Filter>
    </ClCompile>
    <ClCompile Include="src\managers\URequestManager.cpp">
      <Filter>Source Files</Filter>
    </ClCompile>
    <ClCompile Include="src\managers\UWebSocketManager.cpp">
      <Filter>Source Files</Filter>
    </ClCompile>
    <ClCompile Include="src\requests\RAccessToken.cpp">
      <Filter>Source Files</Filter>
    </ClCompile>
    <ClCompile Include="src\requests\RCentrifugoSubscribe.cpp">
      <Filter>Source Files</Filter>
    </ClCompile>
    <ClCompile Include="src\requests\RCentrifugoToken.cpp">
      <Filter>Source Files</Filter>
    </ClCompile>
    <ClCompile Include="src\requests\interface\IProcessRequest.cpp">
      <Filter>Source Files</Filter>
    </ClCompile>
    <ClCompile Include="src\responce\IResponce.cpp">
      <Filter>Source Files</Filter>
    </ClCompile>
    <ClCompile Include="src\responce\ResAccessToken.cpp">
      <Filter>Source Files</Filter>
    </ClCompile>
    <ClCompile Include="src\responce\ResCentrifugoSubscribe.cpp">
      <Filter>Source Files</Filter>
    </ClCompile>
    <ClCompile Include="src\responce\ResCentrifugoToken.cpp">
      <Filter>Source Files</Filter>
    </ClCompile>
  </ItemGroup>
  <ItemGroup>
    <ClInclude Include="include\Defines.h">
      <Filter>Header Files</Filter>
    </ClInclude>
    <ClInclude Include="include\DonateAlertsApi.h">
      <Filter>Header Files</Filter>
    </ClInclude>
    <ClInclude Include="include\DonateData.h">
      <Filter>Header Files</Filter>
    </ClInclude>
    <ClInclude Include="include\DonationParser.h">
      <Filter>Header Files</Filter>
    </ClInclude>
    <ClInclude Include="include\DonationSocketManager.h">
      <Filter>Header Files</Filter>
    </ClInclude>
    <ClInclude Include="include\IDonation.h">
      <Filter>Header Files</Filter>
    </ClInclude>
    <ClInclude Include="include\Variables.h">
      <Filter>Header Files</Filter>
    </ClInclude>
    <ClInclude Include="include\centrifugomessage\CentrifugoInclude.h">
      <Filter>Header Files</Filter>
    </ClInclude>
    <ClInclude Include="include\centrifugomessage\CentrifugoMessages.h">
      <Filter>Header Files</Filter>
    </ClInclude>
    <ClInclude Include="include\centrifugomessage\interface\ICentrifugoMsg.h">
      <Filter>Header Files</Filter>
    </ClInclude>
    <ClInclude Include="include\inmessages\InMessages.h">
      <Filter>Header Files</Filter>
    </ClInclude>
    <ClInclude Include="include\inmessages\http\HTTPMessages.h">
      <Filter>Header Files</Filter>
    </ClInclude>
    <ClInclude Include="include\inmessages\interface\IProcessMessage.h">
      <Filter>Header Files</Filter>
    </ClInclude>
    <ClInclude Include="include\inmessages\interface\IWebSocketMessage.h">
      <Filter>Header Files</Filter>
    </ClInclude>
    <ClInclude Include="include\inmessages\utils\UtilsMessage.h">
      <Filter>Header Files</Filter>
    </ClInclude>
    <ClInclude Include="include\inmessages\websocket\WebSocketMessages.h">
      <Filter>Header Files</Filter>
    </ClInclude>
    <ClInclude Include="include\managers\UContructor.h">
      <Filter>Header Files</Filter>
    </ClInclude>
    <ClInclude Include="include\managers\UParseManager.h">
      <Filter>Header Files</Filter>
    </ClInclude>
    <ClInclude Include="include\managers\URequestMananger.h">
      <Filter>Header Files</Filter>
    </ClInclude>
    <ClInclude Include="include\managers\UWebSocketManager.h">
      <Filter>Header Files</Filter>
    </ClInclude>
    <ClInclude Include="include\requests\RAccessToken.h">
      <Filter>Header Files</Filter>
    </ClInclude>
    <ClInclude Include="include\requests\RCentrifugoSubscribe.h">
      <Filter>Header Files</Filter>
    </ClInclude>
    <ClInclude Include="include\requests\RCentrifugoToken.h">
      <Filter>Header Files</Filter>
    </ClInclude>
    <ClInclude Include="include\requests\Requests.h">
      <Filter>Header Files</Filter>
    </ClInclude>
    <ClInclude Include="include\requests\interface\IProcessRequest.h">
      <Filter>Header Files</Filter>
    </ClInclude>
    <ClInclude Include="include\responce\IResponse.h">
      <Filter>Header Files</Filter>
    </ClInclude>
    <ClInclude Include="include\responce\ResAccessToken.h">
      <Filter>Header Files</Filter>
    </ClInclude>
    <ClInclude Include="include\responce\ResCentrifugoSubscribe.h">
      <Filter>Header Files</Filter>
    </ClInclude>
    <ClInclude Include="include\responce\ResCentrifugoToken.h">
      <Filter>Header Files</Filter>
    </ClInclude>
    <ClInclude Include="include\responce\Responses.h">
      <Filter>Header Files</Filter>
    </ClInclude>
  </ItemGroup>
</Project>